// !$*UTF8*$!
{
	archiveVersion = 1;
	classes = {
	};
	objectVersion = 55;
	objects = {

/* Begin PBXBuildFile section */
		03D530CF27FAEED90070B308 /* AppDelegate.swift in Sources */ = {isa = PBXBuildFile; fileRef = 03D530CE27FAEED90070B308 /* AppDelegate.swift */; };
		03D530D127FAEED90070B308 /* SceneDelegate.swift in Sources */ = {isa = PBXBuildFile; fileRef = 03D530D027FAEED90070B308 /* SceneDelegate.swift */; };
		03D530D327FAEED90070B308 /* ViewController.swift in Sources */ = {isa = PBXBuildFile; fileRef = 03D530D227FAEED90070B308 /* ViewController.swift */; };
		03D530D627FAEED90070B308 /* Main.storyboard in Resources */ = {isa = PBXBuildFile; fileRef = 03D530D427FAEED90070B308 /* Main.storyboard */; };
		03D530D827FAEEDB0070B308 /* Assets.xcassets in Resources */ = {isa = PBXBuildFile; fileRef = 03D530D727FAEEDB0070B308 /* Assets.xcassets */; };
		03D530DB27FAEEDB0070B308 /* LaunchScreen.storyboard in Resources */ = {isa = PBXBuildFile; fileRef = 03D530D927FAEEDB0070B308 /* LaunchScreen.storyboard */; };
		03D530E627FAEF3F0070B308 /* QuestionModel.swift in Sources */ = {isa = PBXBuildFile; fileRef = 03D530E527FAEF3F0070B308 /* QuestionModel.swift */; };
		03EA0782283036520037DC4A /* QuizViewController.swift in Sources */ = {isa = PBXBuildFile; fileRef = 03EA0781283036520037DC4A /* QuizViewController.swift */; };
		03EA07842830365C0037DC4A /* ResultViewController.swift in Sources */ = {isa = PBXBuildFile; fileRef = 03EA07832830365C0037DC4A /* ResultViewController.swift */; };
		03EA0786283036BD0037DC4A /* QuizCollectionViewCell.swift in Sources */ = {isa = PBXBuildFile; fileRef = 03EA0785283036BD0037DC4A /* QuizCollectionViewCell.swift */; };
		03F878922807F85E001032F5 /* QuestionViewModel.swift in Sources */ = {isa = PBXBuildFile; fileRef = 03F878912807F85E001032F5 /* QuestionViewModel.swift */; };
/* End PBXBuildFile section */

/* Begin PBXFileReference section */
		03D530CB27FAEED90070B308 /* Quiz App.app */ = {isa = PBXFileReference; explicitFileType = wrapper.application; includeInIndex = 0; path = "Quiz App.app"; sourceTree = BUILT_PRODUCTS_DIR; };
		03D530CE27FAEED90070B308 /* AppDelegate.swift */ = {isa = PBXFileReference; lastKnownFileType = sourcecode.swift; path = AppDelegate.swift; sourceTree = "<group>"; };
		03D530D027FAEED90070B308 /* SceneDelegate.swift */ = {isa = PBXFileReference; lastKnownFileType = sourcecode.swift; path = SceneDelegate.swift; sourceTree = "<group>"; };
		03D530D227FAEED90070B308 /* ViewController.swift */ = {isa = PBXFileReference; lastKnownFileType = sourcecode.swift; path = ViewController.swift; sourceTree = "<group>"; };
		03D530D527FAEED90070B308 /* Base */ = {isa = PBXFileReference; lastKnownFileType = file.storyboard; name = Base; path = Base.lproj/Main.storyboard; sourceTree = "<group>"; };
		03D530D727FAEEDB0070B308 /* Assets.xcassets */ = {isa = PBXFileReference; lastKnownFileType = folder.assetcatalog; path = Assets.xcassets; sourceTree = "<group>"; };
		03D530DA27FAEEDB0070B308 /* Base */ = {isa = PBXFileReference; lastKnownFileType = file.storyboard; name = Base; path = Base.lproj/LaunchScreen.storyboard; sourceTree = "<group>"; };
		03D530DC27FAEEDB0070B308 /* Info.plist */ = {isa = PBXFileReference; lastKnownFileType = text.plist.xml; path = Info.plist; sourceTree = "<group>"; };
		03D530E527FAEF3F0070B308 /* QuestionModel.swift */ = {isa = PBXFileReference; lastKnownFileType = sourcecode.swift; path = QuestionModel.swift; sourceTree = "<group>"; };
		03EA0781283036520037DC4A /* QuizViewController.swift */ = {isa = PBXFileReference; lastKnownFileType = sourcecode.swift; path = QuizViewController.swift; sourceTree = "<group>"; };
		03EA07832830365C0037DC4A /* ResultViewController.swift */ = {isa = PBXFileReference; lastKnownFileType = sourcecode.swift; path = ResultViewController.swift; sourceTree = "<group>"; };
		03EA0785283036BD0037DC4A /* QuizCollectionViewCell.swift */ = {isa = PBXFileReference; lastKnownFileType = sourcecode.swift; path = QuizCollectionViewCell.swift; sourceTree = "<group>"; };
		03F878912807F85E001032F5 /* QuestionViewModel.swift */ = {isa = PBXFileReference; lastKnownFileType = sourcecode.swift; path = QuestionViewModel.swift; sourceTree = "<group>"; };
/* End PBXFileReference section */

/* Begin PBXFrameworksBuildPhase section */
		03D530C827FAEED90070B308 /* Frameworks */ = {
			isa = PBXFrameworksBuildPhase;
			buildActionMask = 2147483647;
			files = (
			);
			runOnlyForDeploymentPostprocessing = 0;
		};
/* End PBXFrameworksBuildPhase section */

/* Begin PBXGroup section */
		03D530C227FAEED90070B308 = {
			isa = PBXGroup;
			children = (
				03D530CD27FAEED90070B308 /* Quiz App */,
				03D530CC27FAEED90070B308 /* Products */,
			);
			sourceTree = "<group>";
		};
		03D530CC27FAEED90070B308 /* Products */ = {
			isa = PBXGroup;
			children = (
				03D530CB27FAEED90070B308 /* Quiz App.app */,
			);
			name = Products;
			sourceTree = "<group>";
		};
		03D530CD27FAEED90070B308 /* Quiz App */ = {
			isa = PBXGroup;
			children = (
				03D530E227FAEEDF0070B308 /* Model */,
				03D530E327FAEEE70070B308 /* View Model */,
				03D530E427FAEEFB0070B308 /* Controller */,
				03D530CE27FAEED90070B308 /* AppDelegate.swift */,
				03D530D027FAEED90070B308 /* SceneDelegate.swift */,
				03D530D427FAEED90070B308 /* Main.storyboard */,
				03D530D727FAEEDB0070B308 /* Assets.xcassets */,
				03D530D927FAEEDB0070B308 /* LaunchScreen.storyboard */,
				03D530DC27FAEEDB0070B308 /* Info.plist */,
			);
			path = "Quiz App";
			sourceTree = "<group>";
		};
		03D530E227FAEEDF0070B308 /* Model */ = {
			isa = PBXGroup;
			children = (
				03D530E527FAEF3F0070B308 /* QuestionModel.swift */,
			);
			path = Model;
			sourceTree = "<group>";
		};
		03D530E327FAEEE70070B308 /* View Model */ = {
			isa = PBXGroup;
			children = (
				03F878912807F85E001032F5 /* QuestionViewModel.swift */,
			);
			path = "View Model";
			sourceTree = "<group>";
		};
		03D530E427FAEEFB0070B308 /* Controller */ = {
			isa = PBXGroup;
			children = (
				03D530D227FAEED90070B308 /* ViewController.swift */,
				03EA0781283036520037DC4A /* QuizViewController.swift */,
				03EA07832830365C0037DC4A /* ResultViewController.swift */,
				03EA0785283036BD0037DC4A /* QuizCollectionViewCell.swift */,
			);
			path = Controller;
			sourceTree = "<group>";
		};
/* End PBXGroup section */

/* Begin PBXNativeTarget section */
		03D530CA27FAEED90070B308 /* Quiz App */ = {
			isa = PBXNativeTarget;
			buildConfigurationList = 03D530DF27FAEEDB0070B308 /* Build configuration list for PBXNativeTarget "Quiz App" */;
			buildPhases = (
				03D530C727FAEED90070B308 /* Sources */,
				03D530C827FAEED90070B308 /* Frameworks */,
				03D530C927FAEED90070B308 /* Resources */,
			);
			buildRules = (
			);
			dependencies = (
			);
			name = "Quiz App";
			productName = "Quiz App";
			productReference = 03D530CB27FAEED90070B308 /* Quiz App.app */;
			productType = "com.apple.product-type.application";
		};
/* End PBXNativeTarget section */

/* Begin PBXProject section */
		03D530C327FAEED90070B308 /* Project object */ = {
			isa = PBXProject;
			attributes = {
				BuildIndependentTargetsInParallel = 1;
				LastSwiftUpdateCheck = 1330;
				LastUpgradeCheck = 1330;
				TargetAttributes = {
					03D530CA27FAEED90070B308 = {
						CreatedOnToolsVersion = 13.3;
					};
				};
			};
			buildConfigurationList = 03D530C627FAEED90070B308 /* Build configuration list for PBXProject "Quiz App" */;
			compatibilityVersion = "Xcode 13.0";
			developmentRegion = en;
			hasScannedForEncodings = 0;
			knownRegions = (
				en,
				Base,
			);
			mainGroup = 03D530C227FAEED90070B308;
			productRefGroup = 03D530CC27FAEED90070B308 /* Products */;
			projectDirPath = "";
			projectRoot = "";
			targets = (
				03D530CA27FAEED90070B308 /* Quiz App */,
			);
		};
/* End PBXProject section */

/* Begin PBXResourcesBuildPhase section */
		03D530C927FAEED90070B308 /* Resources */ = {
			isa = PBXResourcesBuildPhase;
			buildActionMask = 2147483647;
			files = (
				03D530DB27FAEEDB0070B308 /* LaunchScreen.storyboard in Resources */,
				03D530D827FAEEDB0070B308 /* Assets.xcassets in Resources */,
				03D530D627FAEED90070B308 /* Main.storyboard in Resources */,
			);
			runOnlyForDeploymentPostprocessing = 0;
		};
/* End PBXResourcesBuildPhase section */

/* Begin PBXSourcesBuildPhase section */
		03D530C727FAEED90070B308 /* Sources */ = {
			isa = PBXSourcesBuildPhase;
			buildActionMask = 2147483647;
			files = (
				03D530D327FAEED90070B308 /* ViewController.swift in Sources */,
				03D530CF27FAEED90070B308 /* AppDelegate.swift in Sources */,
				03EA07842830365C0037DC4A /* ResultViewController.swift in Sources */,
				03F878922807F85E001032F5 /* QuestionViewModel.swift in Sources */,
				03EA0782283036520037DC4A /* QuizViewController.swift in Sources */,
				03D530D127FAEED90070B308 /* SceneDelegate.swift in Sources */,
				03D530E627FAEF3F0070B308 /* QuestionModel.swift in Sources */,
				03EA0786283036BD0037DC4A /* QuizCollectionViewCell.swift in Sources */,
			);
			runOnlyForDeploymentPostprocessing = 0;
		};
/* End PBXSourcesBuildPhase section */

/* Begin PBXVariantGroup section */
		03D530D427FAEED90070B308 /* Main.storyboard */ = {
			isa = PBXVariantGroup;
			children = (
				03D530D527FAEED90070B308 /* Base */,
			);
			name = Main.storyboard;
			sourceTree = "<group>";
		};
		03D530D927FAEEDB0070B308 /* LaunchScreen.storyboard */ = {
			isa = PBXVariantGroup;
			children = (
				03D530DA27FAEEDB0070B308 /* Base */,
			);
			name = LaunchScreen.storyboard;
			sourceTree = "<group>";
		};
/* End PBXVariantGroup section */

/* Begin XCBuildConfiguration section */
		03D530DD27FAEEDB0070B308 /* Debug */ = {
			isa = XCBuildConfiguration;
			buildSettings = {
				ALWAYS_SEARCH_USER_PATHS = NO;
				CLANG_ANALYZER_NONNULL = YES;
				CLANG_ANALYZER_NUMBER_OBJECT_CONVERSION = YES_AGGRESSIVE;
				CLANG_CXX_LANGUAGE_STANDARD = "gnu++17";
				CLANG_ENABLE_MODULES = YES;
				CLANG_ENABLE_OBJC_ARC = YES;
				CLANG_ENABLE_OBJC_WEAK = YES;
				CLANG_WARN_BLOCK_CAPTURE_AUTORELEASING = YES;
				CLANG_WARN_BOOL_CONVERSION = YES;
				CLANG_WARN_COMMA = YES;
				CLANG_WARN_CONSTANT_CONVERSION = YES;
				CLANG_WARN_DEPRECATED_OBJC_IMPLEMENTATIONS = YES;
				CLANG_WARN_DIRECT_OBJC_ISA_USAGE = YES_ERROR;
				CLANG_WARN_DOCUMENTATION_COMMENTS = YES;
				CLANG_WARN_EMPTY_BODY = YES;
				CLANG_WARN_ENUM_CONVERSION = YES;
				CLANG_WARN_INFINITE_RECURSION = YES;
				CLANG_WARN_INT_CONVERSION = YES;
				CLANG_WARN_NON_LITERAL_NULL_CONVERSION = YES;
				CLANG_WARN_OBJC_IMPLICIT_RETAIN_SELF = YES;
				CLANG_WARN_OBJC_LITERAL_CONVERSION = YES;
				CLANG_WARN_OBJC_ROOT_CLASS = YES_ERROR;
				CLANG_WARN_QUOTED_INCLUDE_IN_FRAMEWORK_HEADER = YES;
				CLANG_WARN_RANGE_LOOP_ANALYSIS = YES;
				CLANG_WARN_STRICT_PROTOTYPES = YES;
				CLANG_WARN_SUSPICIOUS_MOVE = YES;
				CLANG_WARN_UNGUARDED_AVAILABILITY = YES_AGGRESSIVE;
				CLANG_WARN_UNREACHABLE_CODE = YES;
				CLANG_WARN__DUPLICATE_METHOD_MATCH = YES;
				COPY_PHASE_STRIP = NO;
				DEBUG_INFORMATION_FORMAT = dwarf;
				ENABLE_STRICT_OBJC_MSGSEND = YES;
				ENABLE_TESTABILITY = YES;
				GCC_C_LANGUAGE_STANDARD = gnu11;
				GCC_DYNAMIC_NO_PIC = NO;
				GCC_NO_COMMON_BLOCKS = YES;
				GCC_OPTIMIZATION_LEVEL = 0;
				GCC_PREPROCESSOR_DEFINITIONS = (
					"DEBUG=1",
					"$(inherited)",
				);
				GCC_WARN_64_TO_32_BIT_CONVERSION = YES;
				GCC_WARN_ABOUT_RETURN_TYPE = YES_ERROR;
				GCC_WARN_UNDECLARED_SELECTOR = YES;
				GCC_WARN_UNINITIALIZED_AUTOS = YES_AGGRESSIVE;
				GCC_WARN_UNUSED_FUNCTION = YES;
				GCC_WARN_UNUSED_VARIABLE = YES;
				IPHONEOS_DEPLOYMENT_TARGET = 15.4;
				MTL_ENABLE_DEBUG_INFO = INCLUDE_SOURCE;
				MTL_FAST_MATH = YES;
				ONLY_ACTIVE_ARCH = YES;
				SDKROOT = iphoneos;
				SWIFT_ACTIVE_COMPILATION_CONDITIONS = DEBUG;
				SWIFT_OPTIMIZATION_LEVEL = "-Onone";
			};
			name = Debug;
		};
		03D530DE27FAEEDB0070B308 /* Release */ = {
			isa = XCBuildConfiguration;
			buildSettings = {
				ALWAYS_SEARCH_USER_PATHS = NO;
				CLANG_ANALYZER_NONNULL = YES;
				CLANG_ANALYZER_NUMBER_OBJECT_CONVERSION = YES_AGGRESSIVE;
				CLANG_CXX_LANGUAGE_STANDARD = "gnu++17";
				CLANG_ENABLE_MODULES = YES;
				CLANG_ENABLE_OBJC_ARC = YES;
				CLANG_ENABLE_OBJC_WEAK = YES;
				CLANG_WARN_BLOCK_CAPTURE_AUTORELEASING = YES;
				CLANG_WARN_BOOL_CONVERSION = YES;
				CLANG_WARN_COMMA = YES;
				CLANG_WARN_CONSTANT_CONVERSION = YES;
				CLANG_WARN_DEPRECATED_OBJC_IMPLEMENTATIONS = YES;
				CLANG_WARN_DIRECT_OBJC_ISA_USAGE = YES_ERROR;
				CLANG_WARN_DOCUMENTATION_COMMENTS = YES;
				CLANG_WARN_EMPTY_BODY = YES;
				CLANG_WARN_ENUM_CONVERSION = YES;
				CLANG_WARN_INFINITE_RECURSION = YES;
				CLANG_WARN_INT_CONVERSION = YES;
				CLANG_WARN_NON_LITERAL_NULL_CONVERSION = YES;
				CLANG_WARN_OBJC_IMPLICIT_RETAIN_SELF = YES;
				CLANG_WARN_OBJC_LITERAL_CONVERSION = YES;
				CLANG_WARN_OBJC_ROOT_CLASS = YES_ERROR;
				CLANG_WARN_QUOTED_INCLUDE_IN_FRAMEWORK_HEADER = YES;
				CLANG_WARN_RANGE_LOOP_ANALYSIS = YES;
				CLANG_WARN_STRICT_PROTOTYPES = YES;
				CLANG_WARN_SUSPICIOUS_MOVE = YES;
				CLANG_WARN_UNGUARDED_AVAILABILITY = YES_AGGRESSIVE;
				CLANG_WARN_UNREACHABLE_CODE = YES;
				CLANG_WARN__DUPLICATE_METHOD_MATCH = YES;
				COPY_PHASE_STRIP = NO;
				DEBUG_INFORMATION_FORMAT = "dwarf-with-dsym";
				ENABLE_NS_ASSERTIONS = NO;
				ENABLE_STRICT_OBJC_MSGSEND = YES;
				GCC_C_LANGUAGE_STANDARD = gnu11;
				GCC_NO_COMMON_BLOCKS = YES;
				GCC_WARN_64_TO_32_BIT_CONVERSION = YES;
				GCC_WARN_ABOUT_RETURN_TYPE = YES_ERROR;
				GCC_WARN_UNDECLARED_SELECTOR = YES;
				GCC_WARN_UNINITIALIZED_AUTOS = YES_AGGRESSIVE;
				GCC_WARN_UNUSED_FUNCTION = YES;
				GCC_WARN_UNUSED_VARIABLE = YES;
				IPHONEOS_DEPLOYMENT_TARGET = 15.4;
				MTL_ENABLE_DEBUG_INFO = NO;
				MTL_FAST_MATH = YES;
				SDKROOT = iphoneos;
				SWIFT_COMPILATION_MODE = wholemodule;
				SWIFT_OPTIMIZATION_LEVEL = "-O";
				VALIDATE_PRODUCT = YES;
			};
			name = Release;
		};
		03D530E027FAEEDB0070B308 /* Debug */ = {
			isa = XCBuildConfiguration;
			buildSettings = {
				ASSETCATALOG_COMPILER_APPICON_NAME = AppIcon;
				ASSETCATALOG_COMPILER_GLOBAL_ACCENT_COLOR_NAME = AccentColor;
				CODE_SIGN_STYLE = Automatic;
				CURRENT_PROJECT_VERSION = 1;
				DEVELOPMENT_TEAM = QQ9A9476GK;
				GENERATE_INFOPLIST_FILE = YES;
				INFOPLIST_FILE = "Quiz App/Info.plist";
				INFOPLIST_KEY_UIApplicationSupportsIndirectInputEvents = YES;
				INFOPLIST_KEY_UILaunchStoryboardName = LaunchScreen;
				INFOPLIST_KEY_UIMainStoryboardFile = Main;
				INFOPLIST_KEY_UISupportedInterfaceOrientations_iPad = "UIInterfaceOrientationPortrait UIInterfaceOrientationPortraitUpsideDown UIInterfaceOrientationLandscapeLeft UIInterfaceOrientationLandscapeRight";
				INFOPLIST_KEY_UISupportedInterfaceOrientations_iPhone = "UIInterfaceOrientationPortrait UIInterfaceOrientationLandscapeLeft UIInterfaceOrientationLandscapeRight";
				LD_RUNPATH_SEARCH_PATHS = (
					"$(inherited)",
					"@executable_path/Frameworks",
				);
				MARKETING_VERSION = 1.0;
				PRODUCT_BUNDLE_IDENTIFIER = "com.tarif.Quiz-App";
				PRODUCT_NAME = "$(TARGET_NAME)";
				SWIFT_EMIT_LOC_STRINGS = YES;
				SWIFT_VERSION = 5.0;
				TARGETED_DEVICE_FAMILY = "1,2";
			};
			name = Debug;
		};
		03D530E127FAEEDB0070B308 /* Release */ = {
			isa = XCBuildConfiguration;
			buildSettings = {
				ASSETCATALOG_COMPILER_APPICON_NAME = AppIcon;
				ASSETCATALOG_COMPILER_GLOBAL_ACCENT_COLOR_NAME = AccentColor;
				CODE_SIGN_STYLE = Automatic;
				CURRENT_PROJECT_VERSION = 1;
				DEVELOPMENT_TEAM = QQ9A9476GK;
				GENERATE_INFOPLIST_FILE = YES;
				INFOPLIST_FILE = "Quiz App/Info.plist";
				INFOPLIST_KEY_UIApplicationSupportsIndirectInputEvents = YES;
				INFOPLIST_KEY_UILaunchStoryboardName = LaunchScreen;
				INFOPLIST_KEY_UIMainStoryboardFile = Main;
				INFOPLIST_KEY_UISupportedInterfaceOrientations_iPad = "UIInterfaceOrientationPortrait UIInterfaceOrientationPortraitUpsideDown UIInterfaceOrientationLandscapeLeft UIInterfaceOrientationLandscapeRight";
				INFOPLIST_KEY_UISupportedInterfaceOrientations_iPhone = "UIInterfaceOrientationPortrait UIInterfaceOrientationLandscapeLeft UIInterfaceOrientationLandscapeRight";
				LD_RUNPATH_SEARCH_PATHS = (
					"$(inherited)",
					"@executable_path/Frameworks",
				);
				MARKETING_VERSION = 1.0;
				PRODUCT_BUNDLE_IDENTIFIER = "com.tarif.Quiz-App";
				PRODUCT_NAME = "$(TARGET_NAME)";
				SWIFT_EMIT_LOC_STRINGS = YES;
				SWIFT_VERSION = 5.0;
				TARGETED_DEVICE_FAMILY = "1,2";
			};
			name = Release;
		};
/* End XCBuildConfiguration section */

/* Begin XCConfigurationList section */
		03D530C627FAEED90070B308 /* Build configuration list for PBXProject "Quiz App" */ = {
			isa = XCConfigurationList;
			buildConfigurations = (
				03D530DD27FAEEDB0070B308 /* Debug */,
				03D530DE27FAEEDB0070B308 /* Release */,
			);
			defaultConfigurationIsVisible = 0;
			defaultConfigurationName = Release;
		};
		03D530DF27FAEEDB0070B308 /* Build configuration list for PBXNativeTarget "Quiz App" */ = {
			isa = XCConfigurationList;
			buildConfigurations = (
				03D530E027FAEEDB0070B308 /* Debug */,
				03D530E127FAEEDB0070B308 /* Release */,
			);
			defaultConfigurationIsVisible = 0;
			defaultConfigurationName = Release;
		};
/* End XCConfigurationList section */
	};
	rootObject = 03D530C327FAEED90070B308 /* Project object */;
}
